version = 1
revision = 3
requires-python = ">=3.14"

[[package]]
name = "circuitpython-stubs"
version = "10.3.0"
source = { registry = "https://pypi.org/simple" }
sdist = { url = "https://files.pythonhosted.org/packages/fe/c9/08e114718b19200938174ff32217f1f1545638fb9839821dfab9388a7399/circuitpython_stubs-10.3.0.tar.gz", hash = "sha256:3473b4c339f4b548972ab5555897768db1e2b2da6b71a6331194729e7d72b4d1", size = 411745, upload-time = "2026-08-31T14:26:12.058Z" }
wheels = [
    { url = "https://files.pythonhosted.org/packages/23/63/9b3f360683f3af97a1331a57e4c75865f3c491af12902edc1c60b2c3d215/circuitpython_stubs-10.3.0-py3-none-any.whl", hash = "sha256:ca877a877508b466af3d6f1090528ebe0330592e850f28d09707f952844e1ddd", size = 1140485, upload-time = "2026-08-31T14:26:09.964Z" },
]

[[package]]
name = "micropad"
version = "0.1.0"
source = { virtual = "." }

[package.dev-dependencies]
dev = [
    { name = "circuitpython-stubs" },
]

[package.metadata]

[package.metadata.requires-dev]
dev = [{ name = "circuitpython-stubs", specifier = ">=10.3.0" }]
